
Microsoft Visual Studio Solution File, Format Version 12.00
# Visual Studio Version 17
VisualStudioVersion = 17.5.33502.453
MinimumVisualStudioVersion = 10.0.40219.1
Project("{9A19103F-16F7-4668-BE54-9A1E7A4F7556}") = "LendStuff.Server", "LendStuff\Server\LendStuff.Server.csproj", "{9007910E-580D-4999-8355-43B51991F853}"
EndProject
Project("{9A19103F-16F7-4668-BE54-9A1E7A4F7556}") = "LendStuff.Client", "LendStuff\Client\LendStuff.Client.csproj", "{579DCE1D-4BD9-45E1-9DDC-B3E80BF8D1FA}"
EndProject
Project("{9A19103F-16F7-4668-BE54-9A1E7A4F7556}") = "LendStuff.Shared", "LendStuff\Shared\LendStuff.Shared.csproj", "{CF72B7CD-0494-4CF0-90C3-E1679363B737}"
EndProject
Project("{9A19103F-16F7-4668-BE54-9A1E7A4F7556}") = "LendStuff.DataAccess", "DataAccess\LendStuff.DataAccess.csproj", "{FBD0FF05-B472-439B-909B-2FBAE10E1059}"
EndProject
Project("{2150E333-8FDC-42A3-9474-1A3956D46DE8}") = "MicroServices", "MicroServices", "{412FF80B-1F17-41DC-A1E6-59A9AFBF9AD9}"
EndProject
Project("{2150E333-8FDC-42A3-9474-1A3956D46DE8}") = "BoardGame", "BoardGame", "{E66BD311-EF6D-43A0-ADE2-20793EECDE21}"
EndProject
Project("{9A19103F-16F7-4668-BE54-9A1E7A4F7556}") = "BoardGame.API", "MicroServices\APIs\BoardGame\BoardGame.API\BoardGame.API.csproj", "{B32B883E-C160-4BA8-81E4-549C32501D73}"
EndProject
Project("{9A19103F-16F7-4668-BE54-9A1E7A4F7556}") = "BoardGame.DataAccess", "MicroServices\APIs\BoardGame\BoardGame.DataAccess\BoardGame.DataAccess.csproj", "{0E752A7D-9CF7-4069-A607-66C25F1C9370}"
EndProject
Project("{2150E333-8FDC-42A3-9474-1A3956D46DE8}") = "Messages", "Messages", "{3FD50004-C467-4F7C-B2AA-A97ABA6744AA}"
EndProject
Project("{9A19103F-16F7-4668-BE54-9A1E7A4F7556}") = "Messages.API", "MicroServices\APIs\Messages\Messages.API\Messages.API.csproj", "{06A1CA48-7020-4CDA-8163-785FE0E65769}"
EndProject
Project("{9A19103F-16F7-4668-BE54-9A1E7A4F7556}") = "Messages.DataAccess", "MicroServices\APIs\Messages\Messages.DataAccess\Messages.DataAccess.csproj", "{9D5FF699-6E67-40FF-A43B-41A7B49AAA94}"
EndProject
Project("{2150E333-8FDC-42A3-9474-1A3956D46DE8}") = "Order", "Order", "{2762F232-A1DF-4DD9-8083-C797F3C989C4}"
EndProject
Project("{9A19103F-16F7-4668-BE54-9A1E7A4F7556}") = "Order.API", "MicroServices\APIs\Order\Order.API\Order.API.csproj", "{66262CC2-DBB6-4050-9FAD-3513A98D5476}"
EndProject
Project("{9A19103F-16F7-4668-BE54-9A1E7A4F7556}") = "Order.DataAccess", "MicroServices\APIs\Order\Order.DataAccess\Order.DataAccess.csproj", "{6D6EC0CE-90DA-4D8C-A781-178FDD59B21F}"
EndProject
Project("{2150E333-8FDC-42A3-9474-1A3956D46DE8}") = "Users", "Users", "{B410F4DB-8BAE-4ADC-81BC-C6D430F77890}"
EndProject
Project("{E53339B2-1760-4266-BCC7-CA923CBCF16C}") = "docker-compose", "docker-compose.dcproj", "{26B7611C-5F15-48C1-8A5C-8441CA15EB63}"
EndProject
Global
	GlobalSection(SolutionConfigurationPlatforms) = preSolution
		Debug|Any CPU = Debug|Any CPU
		Release|Any CPU = Release|Any CPU
	EndGlobalSection
	GlobalSection(ProjectConfigurationPlatforms) = postSolution
		{9007910E-580D-4999-8355-43B51991F853}.Debug|Any CPU.ActiveCfg = Debug|Any CPU
		{9007910E-580D-4999-8355-43B51991F853}.Debug|Any CPU.Build.0 = Debug|Any CPU
		{9007910E-580D-4999-8355-43B51991F853}.Release|Any CPU.ActiveCfg = Release|Any CPU
		{9007910E-580D-4999-8355-43B51991F853}.Release|Any CPU.Build.0 = Release|Any CPU
		{579DCE1D-4BD9-45E1-9DDC-B3E80BF8D1FA}.Debug|Any CPU.ActiveCfg = Debug|Any CPU
		{579DCE1D-4BD9-45E1-9DDC-B3E80BF8D1FA}.Debug|Any CPU.Build.0 = Debug|Any CPU
		{579DCE1D-4BD9-45E1-9DDC-B3E80BF8D1FA}.Release|Any CPU.ActiveCfg = Release|Any CPU
		{579DCE1D-4BD9-45E1-9DDC-B3E80BF8D1FA}.Release|Any CPU.Build.0 = Release|Any CPU
		{CF72B7CD-0494-4CF0-90C3-E1679363B737}.Debug|Any CPU.ActiveCfg = Debug|Any CPU
		{CF72B7CD-0494-4CF0-90C3-E1679363B737}.Debug|Any CPU.Build.0 = Debug|Any CPU
		{CF72B7CD-0494-4CF0-90C3-E1679363B737}.Release|Any CPU.ActiveCfg = Release|Any CPU
		{CF72B7CD-0494-4CF0-90C3-E1679363B737}.Release|Any CPU.Build.0 = Release|Any CPU
		{FBD0FF05-B472-439B-909B-2FBAE10E1059}.Debug|Any CPU.ActiveCfg = Debug|Any CPU
		{FBD0FF05-B472-439B-909B-2FBAE10E1059}.Debug|Any CPU.Build.0 = Debug|Any CPU
		{FBD0FF05-B472-439B-909B-2FBAE10E1059}.Release|Any CPU.ActiveCfg = Release|Any CPU
		{FBD0FF05-B472-439B-909B-2FBAE10E1059}.Release|Any CPU.Build.0 = Release|Any CPU
		{B32B883E-C160-4BA8-81E4-549C32501D73}.Debug|Any CPU.ActiveCfg = Debug|Any CPU
		{B32B883E-C160-4BA8-81E4-549C32501D73}.Debug|Any CPU.Build.0 = Debug|Any CPU
		{B32B883E-C160-4BA8-81E4-549C32501D73}.Release|Any CPU.ActiveCfg = Release|Any CPU
		{B32B883E-C160-4BA8-81E4-549C32501D73}.Release|Any CPU.Build.0 = Release|Any CPU
		{0E752A7D-9CF7-4069-A607-66C25F1C9370}.Debug|Any CPU.ActiveCfg = Debug|Any CPU
		{0E752A7D-9CF7-4069-A607-66C25F1C9370}.Debug|Any CPU.Build.0 = Debug|Any CPU
		{0E752A7D-9CF7-4069-A607-66C25F1C9370}.Release|Any CPU.ActiveCfg = Release|Any CPU
		{0E752A7D-9CF7-4069-A607-66C25F1C9370}.Release|Any CPU.Build.0 = Release|Any CPU
		{06A1CA48-7020-4CDA-8163-785FE0E65769}.Debug|Any CPU.ActiveCfg = Debug|Any CPU
		{06A1CA48-7020-4CDA-8163-785FE0E65769}.Debug|Any CPU.Build.0 = Debug|Any CPU
		{06A1CA48-7020-4CDA-8163-785FE0E65769}.Release|Any CPU.ActiveCfg = Release|Any CPU
		{06A1CA48-7020-4CDA-8163-785FE0E65769}.Release|Any CPU.Build.0 = Release|Any CPU
		{9D5FF699-6E67-40FF-A43B-41A7B49AAA94}.Debug|Any CPU.ActiveCfg = Debug|Any CPU
		{9D5FF699-6E67-40FF-A43B-41A7B49AAA94}.Debug|Any CPU.Build.0 = Debug|Any CPU
		{9D5FF699-6E67-40FF-A43B-41A7B49AAA94}.Release|Any CPU.ActiveCfg = Release|Any CPU
		{9D5FF699-6E67-40FF-A43B-41A7B49AAA94}.Release|Any CPU.Build.0 = Release|Any CPU
		{66262CC2-DBB6-4050-9FAD-3513A98D5476}.Debug|Any CPU.ActiveCfg = Debug|Any CPU
		{66262CC2-DBB6-4050-9FAD-3513A98D5476}.Debug|Any CPU.Build.0 = Debug|Any CPU
		{66262CC2-DBB6-4050-9FAD-3513A98D5476}.Release|Any CPU.ActiveCfg = Release|Any CPU
		{66262CC2-DBB6-4050-9FAD-3513A98D5476}.Release|Any CPU.Build.0 = Release|Any CPU
		{6D6EC0CE-90DA-4D8C-A781-178FDD59B21F}.Debug|Any CPU.ActiveCfg = Debug|Any CPU
		{6D6EC0CE-90DA-4D8C-A781-178FDD59B21F}.Debug|Any CPU.Build.0 = Debug|Any CPU
		{6D6EC0CE-90DA-4D8C-A781-178FDD59B21F}.Release|Any CPU.ActiveCfg = Release|Any CPU
		{6D6EC0CE-90DA-4D8C-A781-178FDD59B21F}.Release|Any CPU.Build.0 = Release|Any CPU
		{26B7611C-5F15-48C1-8A5C-8441CA15EB63}.Debug|Any CPU.ActiveCfg = Debug|Any CPU
		{26B7611C-5F15-48C1-8A5C-8441CA15EB63}.Debug|Any CPU.Build.0 = Debug|Any CPU
		{26B7611C-5F15-48C1-8A5C-8441CA15EB63}.Release|Any CPU.ActiveCfg = Release|Any CPU
		{26B7611C-5F15-48C1-8A5C-8441CA15EB63}.Release|Any CPU.Build.0 = Release|Any CPU
	EndGlobalSection
	GlobalSection(SolutionProperties) = preSolution
		HideSolutionNode = FALSE
	EndGlobalSection
	GlobalSection(NestedProjects) = preSolution
		{9007910E-580D-4999-8355-43B51991F853} = {B410F4DB-8BAE-4ADC-81BC-C6D430F77890}
		{E66BD311-EF6D-43A0-ADE2-20793EECDE21} = {412FF80B-1F17-41DC-A1E6-59A9AFBF9AD9}
		{B32B883E-C160-4BA8-81E4-549C32501D73} = {E66BD311-EF6D-43A0-ADE2-20793EECDE21}
		{0E752A7D-9CF7-4069-A607-66C25F1C9370} = {E66BD311-EF6D-43A0-ADE2-20793EECDE21}
		{3FD50004-C467-4F7C-B2AA-A97ABA6744AA} = {412FF80B-1F17-41DC-A1E6-59A9AFBF9AD9}
		{06A1CA48-7020-4CDA-8163-785FE0E65769} = {3FD50004-C467-4F7C-B2AA-A97ABA6744AA}
		{9D5FF699-6E67-40FF-A43B-41A7B49AAA94} = {3FD50004-C467-4F7C-B2AA-A97ABA6744AA}
		{2762F232-A1DF-4DD9-8083-C797F3C989C4} = {412FF80B-1F17-41DC-A1E6-59A9AFBF9AD9}
		{66262CC2-DBB6-4050-9FAD-3513A98D5476} = {2762F232-A1DF-4DD9-8083-C797F3C989C4}
		{6D6EC0CE-90DA-4D8C-A781-178FDD59B21F} = {2762F232-A1DF-4DD9-8083-C797F3C989C4}
		{B410F4DB-8BAE-4ADC-81BC-C6D430F77890} = {412FF80B-1F17-41DC-A1E6-59A9AFBF9AD9}
	EndGlobalSection
	GlobalSection(ExtensibilityGlobals) = postSolution
		SolutionGuid = {8BD6B4F3-0391-487B-B141-0DADF5E21E5C}
	EndGlobalSection
EndGlobal
