
Microsoft Visual Studio Solution File, Format Version 12.00
# Visual Studio Version 17
VisualStudioVersion = 17.5.33502.453
MinimumVisualStudioVersion = 10.0.40219.1
Project("{9A19103F-16F7-4668-BE54-9A1E7A4F7556}") = "LendStuff.Server", "LendStuff\Server\LendStuff.Server.csproj", "{9007910E-580D-4999-8355-43B51991F853}"
EndProject
Project("{9A19103F-16F7-4668-BE54-9A1E7A4F7556}") = "LendStuff.Client", "LendStuff\Client\LendStuff.Client.csproj", "{579DCE1D-4BD9-45E1-9DDC-B3E80BF8D1FA}"
EndProject
Project("{9A19103F-16F7-4668-BE54-9A1E7A4F7556}") = "LendStuff.Shared", "LendStuff\Shared\LendStuff.Shared.csproj", "{CF72B7CD-0494-4CF0-90C3-E1679363B737}"
EndProject
Project("{9A19103F-16F7-4668-BE54-9A1E7A4F7556}") = "LendStuff.DataAccess", "DataAccess\LendStuff.DataAccess.csproj", "{FBD0FF05-B472-439B-909B-2FBAE10E1059}"
EndProject
Project("{2150E333-8FDC-42A3-9474-1A3956D46DE8}") = "MicroServices", "MicroServices", "{412FF80B-1F17-41DC-A1E6-59A9AFBF9AD9}"
EndProject
Project("{2150E333-8FDC-42A3-9474-1A3956D46DE8}") = "BoardGame", "BoardGame", "{E66BD311-EF6D-43A0-ADE2-20793EECDE21}"
EndProject
Project("{FAE04EC0-301F-11D3-BF4B-00C04F79EFBC}") = "BoardGame.API", "MicroServices\APIs\BoardGame\BoardGame.API\BoardGame.API.csproj", "{B32B883E-C160-4BA8-81E4-549C32501D73}"
EndProject
Project("{FAE04EC0-301F-11D3-BF4B-00C04F79EFBC}") = "BoardGame.DataAccess", "MicroServices\APIs\BoardGame\BoardGame.DataAccess\BoardGame.DataAccess.csproj", "{0E752A7D-9CF7-4069-A607-66C25F1C9370}"
EndProject
Global
	GlobalSection(SolutionConfigurationPlatforms) = preSolution
		Debug|Any CPU = Debug|Any CPU
		Release|Any CPU = Release|Any CPU
	EndGlobalSection
	GlobalSection(ProjectConfigurationPlatforms) = postSolution
		{9007910E-580D-4999-8355-43B51991F853}.Debug|Any CPU.ActiveCfg = Debug|Any CPU
		{9007910E-580D-4999-8355-43B51991F853}.Debug|Any CPU.Build.0 = Debug|Any CPU
		{9007910E-580D-4999-8355-43B51991F853}.Release|Any CPU.ActiveCfg = Release|Any CPU
		{9007910E-580D-4999-8355-43B51991F853}.Release|Any CPU.Build.0 = Release|Any CPU
		{579DCE1D-4BD9-45E1-9DDC-B3E80BF8D1FA}.Debug|Any CPU.ActiveCfg = Debug|Any CPU
		{579DCE1D-4BD9-45E1-9DDC-B3E80BF8D1FA}.Debug|Any CPU.Build.0 = Debug|Any CPU
		{579DCE1D-4BD9-45E1-9DDC-B3E80BF8D1FA}.Release|Any CPU.ActiveCfg = Release|Any CPU
		{579DCE1D-4BD9-45E1-9DDC-B3E80BF8D1FA}.Release|Any CPU.Build.0 = Release|Any CPU
		{CF72B7CD-0494-4CF0-90C3-E1679363B737}.Debug|Any CPU.ActiveCfg = Debug|Any CPU
		{CF72B7CD-0494-4CF0-90C3-E1679363B737}.Debug|Any CPU.Build.0 = Debug|Any CPU
		{CF72B7CD-0494-4CF0-90C3-E1679363B737}.Release|Any CPU.ActiveCfg = Release|Any CPU
		{CF72B7CD-0494-4CF0-90C3-E1679363B737}.Release|Any CPU.Build.0 = Release|Any CPU
		{FBD0FF05-B472-439B-909B-2FBAE10E1059}.Debug|Any CPU.ActiveCfg = Debug|Any CPU
		{FBD0FF05-B472-439B-909B-2FBAE10E1059}.Debug|Any CPU.Build.0 = Debug|Any CPU
		{FBD0FF05-B472-439B-909B-2FBAE10E1059}.Release|Any CPU.ActiveCfg = Release|Any CPU
		{FBD0FF05-B472-439B-909B-2FBAE10E1059}.Release|Any CPU.Build.0 = Release|Any CPU
		{B32B883E-C160-4BA8-81E4-549C32501D73}.Debug|Any CPU.ActiveCfg = Debug|Any CPU
		{B32B883E-C160-4BA8-81E4-549C32501D73}.Debug|Any CPU.Build.0 = Debug|Any CPU
		{B32B883E-C160-4BA8-81E4-549C32501D73}.Release|Any CPU.ActiveCfg = Release|Any CPU
		{B32B883E-C160-4BA8-81E4-549C32501D73}.Release|Any CPU.Build.0 = Release|Any CPU
		{0E752A7D-9CF7-4069-A607-66C25F1C9370}.Debug|Any CPU.ActiveCfg = Debug|Any CPU
		{0E752A7D-9CF7-4069-A607-66C25F1C9370}.Debug|Any CPU.Build.0 = Debug|Any CPU
		{0E752A7D-9CF7-4069-A607-66C25F1C9370}.Release|Any CPU.ActiveCfg = Release|Any CPU
		{0E752A7D-9CF7-4069-A607-66C25F1C9370}.Release|Any CPU.Build.0 = Release|Any CPU
	EndGlobalSection
	GlobalSection(SolutionProperties) = preSolution
		HideSolutionNode = FALSE
	EndGlobalSection
	GlobalSection(NestedProjects) = preSolution
		{E66BD311-EF6D-43A0-ADE2-20793EECDE21} = {412FF80B-1F17-41DC-A1E6-59A9AFBF9AD9}
		{B32B883E-C160-4BA8-81E4-549C32501D73} = {E66BD311-EF6D-43A0-ADE2-20793EECDE21}
		{0E752A7D-9CF7-4069-A607-66C25F1C9370} = {E66BD311-EF6D-43A0-ADE2-20793EECDE21}
	EndGlobalSection
	GlobalSection(ExtensibilityGlobals) = postSolution
		SolutionGuid = {8BD6B4F3-0391-487B-B141-0DADF5E21E5C}
	EndGlobalSection
EndGlobal
